
Microsoft Visual Studio Solution File, Format Version 12.00
Project("{FAE04EC0-301F-11D3-BF4B-00C04F79EFBC}") = "TestProject", "TestProject\TestProject.csproj", "{97A656FE-DDF5-4C09-8F19-9A148C724528}"
EndProject
Project("{FAE04EC0-301F-11D3-BF4B-00C04F79EFBC}") = "Tests", "Tests\Tests.csproj", "{6B1DB532-4B79-4A36-A8C0-D035B9539F14}"
EndProject
Global
	GlobalSection(SolutionConfigurationPlatforms) = preSolution
		Debug|Any CPU = Debug|Any CPU
		Release|Any CPU = Release|Any CPU
	EndGlobalSection
	GlobalSection(ProjectConfigurationPlatforms) = postSolution
		{97A656FE-DDF5-4C09-8F19-9A148C724528}.Debug|Any CPU.ActiveCfg = Debug|Any CPU
		{97A656FE-DDF5-4C09-8F19-9A148C724528}.Debug|Any CPU.Build.0 = Debug|Any CPU
		{97A656FE-DDF5-4C09-8F19-9A148C724528}.Release|Any CPU.ActiveCfg = Release|Any CPU
		{97A656FE-DDF5-4C09-8F19-9A148C724528}.Release|Any CPU.Build.0 = Release|Any CPU
		{6B1DB532-4B79-4A36-A8C0-D035B9539F14}.Debug|Any CPU.ActiveCfg = Debug|Any CPU
		{6B1DB532-4B79-4A36-A8C0-D035B9539F14}.Debug|Any CPU.Build.0 = Debug|Any CPU
		{6B1DB532-4B79-4A36-A8C0-D035B9539F14}.Release|Any CPU.ActiveCfg = Release|Any CPU
		{6B1DB532-4B79-4A36-A8C0-D035B9539F14}.Release|Any CPU.Build.0 = Release|Any CPU
	EndGlobalSection
EndGlobal
